// !$*UTF8*$!
{
	archiveVersion = 1;
	classes = {
	};
	objectVersion = 55;
	objects = {

/* Begin PBXBuildFile section */
		D650EDE22802102B001EDD24 /* MagazinesViewController.swift in Sources */ = {isa = PBXBuildFile; fileRef = D650EDE12802102B001EDD24 /* MagazinesViewController.swift */; };
		D650EDE528021683001EDD24 /* ViewSite.swift in Sources */ = {isa = PBXBuildFile; fileRef = D650EDE428021683001EDD24 /* ViewSite.swift */; };
		D6AA4F3027ABC27F00970B18 /* AppDelegate.swift in Sources */ = {isa = PBXBuildFile; fileRef = D6AA4F2F27ABC27F00970B18 /* AppDelegate.swift */; };
		D6AA4F3227ABC27F00970B18 /* SceneDelegate.swift in Sources */ = {isa = PBXBuildFile; fileRef = D6AA4F3127ABC27F00970B18 /* SceneDelegate.swift */; };
		D6AA4F3727ABC27F00970B18 /* Main.storyboard in Resources */ = {isa = PBXBuildFile; fileRef = D6AA4F3527ABC27F00970B18 /* Main.storyboard */; };
		D6AA4F3927ABC28100970B18 /* Assets.xcassets in Resources */ = {isa = PBXBuildFile; fileRef = D6AA4F3827ABC28100970B18 /* Assets.xcassets */; };
		D6AA4F3C27ABC28100970B18 /* LaunchScreen.storyboard in Resources */ = {isa = PBXBuildFile; fileRef = D6AA4F3A27ABC28100970B18 /* LaunchScreen.storyboard */; };
		D6AA4F4727ABC28100970B18 /* OnceYourMoodTests.swift in Sources */ = {isa = PBXBuildFile; fileRef = D6AA4F4627ABC28100970B18 /* OnceYourMoodTests.swift */; };
		D6AA4F5127ABC28100970B18 /* OnceYourMoodUITests.swift in Sources */ = {isa = PBXBuildFile; fileRef = D6AA4F5027ABC28100970B18 /* OnceYourMoodUITests.swift */; };
		D6AA4F5327ABC28100970B18 /* OnceYourMoodUITestsLaunchTests.swift in Sources */ = {isa = PBXBuildFile; fileRef = D6AA4F5227ABC28100970B18 /* OnceYourMoodUITestsLaunchTests.swift */; };
		D6ACB4BA27AF0B5200C1FF94 /* MainTabarController.swift in Sources */ = {isa = PBXBuildFile; fileRef = D6ACB4B927AF0B5200C1FF94 /* MainTabarController.swift */; };
		D6ACB4BD27AF0C7400C1FF94 /* ApatimeniViewController.swift in Sources */ = {isa = PBXBuildFile; fileRef = D6ACB4BC27AF0C7400C1FF94 /* ApatimeniViewController.swift */; };
		D6B6934C27AEAE41007F5B98 /* HomeViewController.swift in Sources */ = {isa = PBXBuildFile; fileRef = D6B6934B27AEAE41007F5B98 /* HomeViewController.swift */; };
		D6CF56EC27AF379B00C58340 /* UngryViewController.swift in Sources */ = {isa = PBXBuildFile; fileRef = D6CF56EB27AF379B00C58340 /* UngryViewController.swift */; };
		D6CF56EF27AF3EE300C58340 /* TiredViewController.swift in Sources */ = {isa = PBXBuildFile; fileRef = D6CF56EE27AF3EE300C58340 /* TiredViewController.swift */; };
		D6CF56F227AF416D00C58340 /* SimpleCheckbox in Frameworks */ = {isa = PBXBuildFile; productRef = D6CF56F127AF416D00C58340 /* SimpleCheckbox */; };
/* End PBXBuildFile section */

/* Begin PBXContainerItemProxy section */
		D6AA4F4327ABC28100970B18 /* PBXContainerItemProxy */ = {
			isa = PBXContainerItemProxy;
			containerPortal = D6AA4F2427ABC27F00970B18 /* Project object */;
			proxyType = 1;
			remoteGlobalIDString = D6AA4F2B27ABC27F00970B18;
			remoteInfo = OnceYourMood;
		};
		D6AA4F4D27ABC28100970B18 /* PBXContainerItemProxy */ = {
			isa = PBXContainerItemProxy;
			containerPortal = D6AA4F2427ABC27F00970B18 /* Project object */;
			proxyType = 1;
			remoteGlobalIDString = D6AA4F2B27ABC27F00970B18;
			remoteInfo = OnceYourMood;
		};
/* End PBXContainerItemProxy section */

/* Begin PBXFileReference section */
		D650EDE12802102B001EDD24 /* MagazinesViewController.swift */ = {isa = PBXFileReference; lastKnownFileType = sourcecode.swift; path = MagazinesViewController.swift; sourceTree = "<group>"; };
		D650EDE428021683001EDD24 /* ViewSite.swift */ = {isa = PBXFileReference; lastKnownFileType = sourcecode.swift; path = ViewSite.swift; sourceTree = "<group>"; };
		D6AA4F2C27ABC27F00970B18 /* OnceYourMood.app */ = {isa = PBXFileReference; explicitFileType = wrapper.application; includeInIndex = 0; path = OnceYourMood.app; sourceTree = BUILT_PRODUCTS_DIR; };
		D6AA4F2F27ABC27F00970B18 /* AppDelegate.swift */ = {isa = PBXFileReference; lastKnownFileType = sourcecode.swift; path = AppDelegate.swift; sourceTree = "<group>"; };
		D6AA4F3127ABC27F00970B18 /* SceneDelegate.swift */ = {isa = PBXFileReference; lastKnownFileType = sourcecode.swift; path = SceneDelegate.swift; sourceTree = "<group>"; };
		D6AA4F3627ABC27F00970B18 /* Base */ = {isa = PBXFileReference; lastKnownFileType = file.storyboard; name = Base; path = Base.lproj/Main.storyboard; sourceTree = "<group>"; };
		D6AA4F3827ABC28100970B18 /* Assets.xcassets */ = {isa = PBXFileReference; lastKnownFileType = folder.assetcatalog; path = Assets.xcassets; sourceTree = "<group>"; };
		D6AA4F3B27ABC28100970B18 /* Base */ = {isa = PBXFileReference; lastKnownFileType = file.storyboard; name = Base; path = Base.lproj/LaunchScreen.storyboard; sourceTree = "<group>"; };
		D6AA4F3D27ABC28100970B18 /* Info.plist */ = {isa = PBXFileReference; lastKnownFileType = text.plist.xml; path = Info.plist; sourceTree = "<group>"; };
		D6AA4F4227ABC28100970B18 /* OnceYourMoodTests.xctest */ = {isa = PBXFileReference; explicitFileType = wrapper.cfbundle; includeInIndex = 0; path = OnceYourMoodTests.xctest; sourceTree = BUILT_PRODUCTS_DIR; };
		D6AA4F4627ABC28100970B18 /* OnceYourMoodTests.swift */ = {isa = PBXFileReference; lastKnownFileType = sourcecode.swift; path = OnceYourMoodTests.swift; sourceTree = "<group>"; };
		D6AA4F4C27ABC28100970B18 /* OnceYourMoodUITests.xctest */ = {isa = PBXFileReference; explicitFileType = wrapper.cfbundle; includeInIndex = 0; path = OnceYourMoodUITests.xctest; sourceTree = BUILT_PRODUCTS_DIR; };
		D6AA4F5027ABC28100970B18 /* OnceYourMoodUITests.swift */ = {isa = PBXFileReference; lastKnownFileType = sourcecode.swift; path = OnceYourMoodUITests.swift; sourceTree = "<group>"; };
		D6AA4F5227ABC28100970B18 /* OnceYourMoodUITestsLaunchTests.swift */ = {isa = PBXFileReference; lastKnownFileType = sourcecode.swift; path = OnceYourMoodUITestsLaunchTests.swift; sourceTree = "<group>"; };
		D6ACB4B927AF0B5200C1FF94 /* MainTabarController.swift */ = {isa = PBXFileReference; lastKnownFileType = sourcecode.swift; path = MainTabarController.swift; sourceTree = "<group>"; };
		D6ACB4BC27AF0C7400C1FF94 /* ApatimeniViewController.swift */ = {isa = PBXFileReference; lastKnownFileType = sourcecode.swift; path = ApatimeniViewController.swift; sourceTree = "<group>"; };
		D6B6934B27AEAE41007F5B98 /* HomeViewController.swift */ = {isa = PBXFileReference; lastKnownFileType = sourcecode.swift; path = HomeViewController.swift; sourceTree = "<group>"; };
		D6CF56EB27AF379B00C58340 /* UngryViewController.swift */ = {isa = PBXFileReference; lastKnownFileType = sourcecode.swift; path = UngryViewController.swift; sourceTree = "<group>"; };
		D6CF56EE27AF3EE300C58340 /* TiredViewController.swift */ = {isa = PBXFileReference; lastKnownFileType = sourcecode.swift; path = TiredViewController.swift; sourceTree = "<group>"; };
/* End PBXFileReference section */

/* Begin PBXFrameworksBuildPhase section */
		D6AA4F2927ABC27F00970B18 /* Frameworks */ = {
			isa = PBXFrameworksBuildPhase;
			buildActionMask = 2147483647;
			files = (
				D6CF56F227AF416D00C58340 /* SimpleCheckbox in Frameworks */,
			);
			runOnlyForDeploymentPostprocessing = 0;
		};
		D6AA4F3F27ABC28100970B18 /* Frameworks */ = {
			isa = PBXFrameworksBuildPhase;
			buildActionMask = 2147483647;
			files = (
			);
			runOnlyForDeploymentPostprocessing = 0;
		};
		D6AA4F4927ABC28100970B18 /* Frameworks */ = {
			isa = PBXFrameworksBuildPhase;
			buildActionMask = 2147483647;
			files = (
			);
			runOnlyForDeploymentPostprocessing = 0;
		};
/* End PBXFrameworksBuildPhase section */

/* Begin PBXGroup section */
		D650EDE02802100C001EDD24 /* Magazines */ = {
			isa = PBXGroup;
			children = (
				D650EDE12802102B001EDD24 /* MagazinesViewController.swift */,
			);
			path = Magazines;
			sourceTree = "<group>";
		};
		D650EDE32802166F001EDD24 /* ViewSite */ = {
			isa = PBXGroup;
			children = (
				D650EDE428021683001EDD24 /* ViewSite.swift */,
			);
			path = ViewSite;
			sourceTree = "<group>";
		};
		D6AA4F2327ABC27F00970B18 = {
			isa = PBXGroup;
			children = (
				D6AA4F2E27ABC27F00970B18 /* OnceYourMood */,
				D6AA4F4527ABC28100970B18 /* OnceYourMoodTests */,
				D6AA4F4F27ABC28100970B18 /* OnceYourMoodUITests */,
				D6AA4F2D27ABC27F00970B18 /* Products */,
			);
			sourceTree = "<group>";
		};
		D6AA4F2D27ABC27F00970B18 /* Products */ = {
			isa = PBXGroup;
			children = (
				D6AA4F2C27ABC27F00970B18 /* OnceYourMood.app */,
				D6AA4F4227ABC28100970B18 /* OnceYourMoodTests.xctest */,
				D6AA4F4C27ABC28100970B18 /* OnceYourMoodUITests.xctest */,
			);
			name = Products;
			sourceTree = "<group>";
		};
		D6AA4F2E27ABC27F00970B18 /* OnceYourMood */ = {
			isa = PBXGroup;
			children = (
				D6B6934E27AEAE62007F5B98 /* Interface */,
				D6B6934A27AEAE12007F5B98 /* Controller */,
				D6AA4F2F27ABC27F00970B18 /* AppDelegate.swift */,
				D6AA4F3127ABC27F00970B18 /* SceneDelegate.swift */,
				D6AA4F3D27ABC28100970B18 /* Info.plist */,
			);
			path = OnceYourMood;
			sourceTree = "<group>";
		};
		D6AA4F4527ABC28100970B18 /* OnceYourMoodTests */ = {
			isa = PBXGroup;
			children = (
				D6AA4F4627ABC28100970B18 /* OnceYourMoodTests.swift */,
			);
			path = OnceYourMoodTests;
			sourceTree = "<group>";
		};
		D6AA4F4F27ABC28100970B18 /* OnceYourMoodUITests */ = {
			isa = PBXGroup;
			children = (
				D6AA4F5027ABC28100970B18 /* OnceYourMoodUITests.swift */,
				D6AA4F5227ABC28100970B18 /* OnceYourMoodUITestsLaunchTests.swift */,
			);
			path = OnceYourMoodUITests;
			sourceTree = "<group>";
		};
		D6ACB4B827AF0B2A00C1FF94 /* MainTab */ = {
			isa = PBXGroup;
			children = (
				D6ACB4B927AF0B5200C1FF94 /* MainTabarController.swift */,
			);
			path = MainTab;
			sourceTree = "<group>";
		};
		D6ACB4BB27AF0C5D00C1FF94 /* Apatimeni */ = {
			isa = PBXGroup;
			children = (
				D6ACB4BC27AF0C7400C1FF94 /* ApatimeniViewController.swift */,
			);
			path = Apatimeni;
			sourceTree = "<group>";
		};
		D6B6934A27AEAE12007F5B98 /* Controller */ = {
			isa = PBXGroup;
			children = (
				D650EDE32802166F001EDD24 /* ViewSite */,
				D650EDE02802100C001EDD24 /* Magazines */,
				D6CF56ED27AF3ED300C58340 /* Tired */,
				D6CF56EA27AF378300C58340 /* Ungry */,
				D6ACB4BB27AF0C5D00C1FF94 /* Apatimeni */,
				D6ACB4B827AF0B2A00C1FF94 /* MainTab */,
				D6B6934D27AEAE49007F5B98 /* HomeViewController */,
			);
			path = Controller;
			sourceTree = "<group>";
		};
		D6B6934D27AEAE49007F5B98 /* HomeViewController */ = {
			isa = PBXGroup;
			children = (
				D6B6934B27AEAE41007F5B98 /* HomeViewController.swift */,
			);
			path = HomeViewController;
			sourceTree = "<group>";
		};
		D6B6934E27AEAE62007F5B98 /* Interface */ = {
			isa = PBXGroup;
			children = (
				D6AA4F3527ABC27F00970B18 /* Main.storyboard */,
				D6AA4F3827ABC28100970B18 /* Assets.xcassets */,
				D6AA4F3A27ABC28100970B18 /* LaunchScreen.storyboard */,
			);
			path = Interface;
			sourceTree = "<group>";
		};
		D6CF56EA27AF378300C58340 /* Ungry */ = {
			isa = PBXGroup;
			children = (
				D6CF56EB27AF379B00C58340 /* UngryViewController.swift */,
			);
			path = Ungry;
			sourceTree = "<group>";
		};
		D6CF56ED27AF3ED300C58340 /* Tired */ = {
			isa = PBXGroup;
			children = (
				D6CF56EE27AF3EE300C58340 /* TiredViewController.swift */,
			);
			path = Tired;
			sourceTree = "<group>";
		};
/* End PBXGroup section */

/* Begin PBXNativeTarget section */
		D6AA4F2B27ABC27F00970B18 /* OnceYourMood */ = {
			isa = PBXNativeTarget;
			buildConfigurationList = D6AA4F5627ABC28100970B18 /* Build configuration list for PBXNativeTarget "OnceYourMood" */;
			buildPhases = (
				D6AA4F2827ABC27F00970B18 /* Sources */,
				D6AA4F2927ABC27F00970B18 /* Frameworks */,
				D6AA4F2A27ABC27F00970B18 /* Resources */,
			);
			buildRules = (
			);
			dependencies = (
			);
			name = OnceYourMood;
			packageProductDependencies = (
				D6CF56F127AF416D00C58340 /* SimpleCheckbox */,
			);
			productName = OnceYourMood;
			productReference = D6AA4F2C27ABC27F00970B18 /* OnceYourMood.app */;
			productType = "com.apple.product-type.application";
		};
		D6AA4F4127ABC28100970B18 /* OnceYourMoodTests */ = {
			isa = PBXNativeTarget;
			buildConfigurationList = D6AA4F5927ABC28100970B18 /* Build configuration list for PBXNativeTarget "OnceYourMoodTests" */;
			buildPhases = (
				D6AA4F3E27ABC28100970B18 /* Sources */,
				D6AA4F3F27ABC28100970B18 /* Frameworks */,
				D6AA4F4027ABC28100970B18 /* Resources */,
			);
			buildRules = (
			);
			dependencies = (
				D6AA4F4427ABC28100970B18 /* PBXTargetDependency */,
			);
			name = OnceYourMoodTests;
			productName = OnceYourMoodTests;
			productReference = D6AA4F4227ABC28100970B18 /* OnceYourMoodTests.xctest */;
			productType = "com.apple.product-type.bundle.unit-test";
		};
		D6AA4F4B27ABC28100970B18 /* OnceYourMoodUITests */ = {
			isa = PBXNativeTarget;
			buildConfigurationList = D6AA4F5C27ABC28100970B18 /* Build configuration list for PBXNativeTarget "OnceYourMoodUITests" */;
			buildPhases = (
				D6AA4F4827ABC28100970B18 /* Sources */,
				D6AA4F4927ABC28100970B18 /* Frameworks */,
				D6AA4F4A27ABC28100970B18 /* Resources */,
			);
			buildRules = (
			);
			dependencies = (
				D6AA4F4E27ABC28100970B18 /* PBXTargetDependency */,
			);
			name = OnceYourMoodUITests;
			productName = OnceYourMoodUITests;
			productReference = D6AA4F4C27ABC28100970B18 /* OnceYourMoodUITests.xctest */;
			productType = "com.apple.product-type.bundle.ui-testing";
		};
/* End PBXNativeTarget section */

/* Begin PBXProject section */
		D6AA4F2427ABC27F00970B18 /* Project object */ = {
			isa = PBXProject;
			attributes = {
				BuildIndependentTargetsInParallel = 1;
				LastSwiftUpdateCheck = 1320;
				LastUpgradeCheck = 1320;
				TargetAttributes = {
					D6AA4F2B27ABC27F00970B18 = {
						CreatedOnToolsVersion = 13.2.1;
					};
					D6AA4F4127ABC28100970B18 = {
						CreatedOnToolsVersion = 13.2.1;
						TestTargetID = D6AA4F2B27ABC27F00970B18;
					};
					D6AA4F4B27ABC28100970B18 = {
						CreatedOnToolsVersion = 13.2.1;
						TestTargetID = D6AA4F2B27ABC27F00970B18;
					};
				};
			};
			buildConfigurationList = D6AA4F2727ABC27F00970B18 /* Build configuration list for PBXProject "OnceYourMood" */;
			compatibilityVersion = "Xcode 13.0";
			developmentRegion = en;
			hasScannedForEncodings = 0;
			knownRegions = (
				en,
				Base,
			);
			mainGroup = D6AA4F2327ABC27F00970B18;
			packageReferences = (
				D6CF56F027AF416D00C58340 /* XCRemoteSwiftPackageReference "SimpleCheckbox" */,
			);
			productRefGroup = D6AA4F2D27ABC27F00970B18 /* Products */;
			projectDirPath = "";
			projectRoot = "";
			targets = (
				D6AA4F2B27ABC27F00970B18 /* OnceYourMood */,
				D6AA4F4127ABC28100970B18 /* OnceYourMoodTests */,
				D6AA4F4B27ABC28100970B18 /* OnceYourMoodUITests */,
			);
		};
/* End PBXProject section */

/* Begin PBXResourcesBuildPhase section */
		D6AA4F2A27ABC27F00970B18 /* Resources */ = {
			isa = PBXResourcesBuildPhase;
			buildActionMask = 2147483647;
			files = (
				D6AA4F3C27ABC28100970B18 /* LaunchScreen.storyboard in Resources */,
				D6AA4F3927ABC28100970B18 /* Assets.xcassets in Resources */,
				D6AA4F3727ABC27F00970B18 /* Main.storyboard in Resources */,
			);
			runOnlyForDeploymentPostprocessing = 0;
		};
		D6AA4F4027ABC28100970B18 /* Resources */ = {
			isa = PBXResourcesBuildPhase;
			buildActionMask = 2147483647;
			files = (
			);
			runOnlyForDeploymentPostprocessing = 0;
		};
		D6AA4F4A27ABC28100970B18 /* Resources */ = {
			isa = PBXResourcesBuildPhase;
			buildActionMask = 2147483647;
			files = (
			);
			runOnlyForDeploymentPostprocessing = 0;
		};
/* End PBXResourcesBuildPhase section */

/* Begin PBXSourcesBuildPhase section */
		D6AA4F2827ABC27F00970B18 /* Sources */ = {
			isa = PBXSourcesBuildPhase;
			buildActionMask = 2147483647;
			files = (
				D6CF56EC27AF379B00C58340 /* UngryViewController.swift in Sources */,
				D650EDE528021683001EDD24 /* ViewSite.swift in Sources */,
				D6ACB4BD27AF0C7400C1FF94 /* ApatimeniViewController.swift in Sources */,
				D6AA4F3027ABC27F00970B18 /* AppDelegate.swift in Sources */,
				D6CF56EF27AF3EE300C58340 /* TiredViewController.swift in Sources */,
				D6AA4F3227ABC27F00970B18 /* SceneDelegate.swift in Sources */,
				D6B6934C27AEAE41007F5B98 /* HomeViewController.swift in Sources */,
				D650EDE22802102B001EDD24 /* MagazinesViewController.swift in Sources */,
				D6ACB4BA27AF0B5200C1FF94 /* MainTabarController.swift in Sources */,
			);
			runOnlyForDeploymentPostprocessing = 0;
		};
		D6AA4F3E27ABC28100970B18 /* Sources */ = {
			isa = PBXSourcesBuildPhase;
			buildActionMask = 2147483647;
			files = (
				D6AA4F4727ABC28100970B18 /* OnceYourMoodTests.swift in Sources */,
			);
			runOnlyForDeploymentPostprocessing = 0;
		};
		D6AA4F4827ABC28100970B18 /* Sources */ = {
			isa = PBXSourcesBuildPhase;
			buildActionMask = 2147483647;
			files = (
				D6AA4F5127ABC28100970B18 /* OnceYourMoodUITests.swift in Sources */,
				D6AA4F5327ABC28100970B18 /* OnceYourMoodUITestsLaunchTests.swift in Sources */,
			);
			runOnlyForDeploymentPostprocessing = 0;
		};
/* End PBXSourcesBuildPhase section */

/* Begin PBXTargetDependency section */
		D6AA4F4427ABC28100970B18 /* PBXTargetDependency */ = {
			isa = PBXTargetDependency;
			target = D6AA4F2B27ABC27F00970B18 /* OnceYourMood */;
			targetProxy = D6AA4F4327ABC28100970B18 /* PBXContainerItemProxy */;
		};
		D6AA4F4E27ABC28100970B18 /* PBXTargetDependency */ = {
			isa = PBXTargetDependency;
			target = D6AA4F2B27ABC27F00970B18 /* OnceYourMood */;
			targetProxy = D6AA4F4D27ABC28100970B18 /* PBXContainerItemProxy */;
		};
/* End PBXTargetDependency section */

/* Begin PBXVariantGroup section */
		D6AA4F3527ABC27F00970B18 /* Main.storyboard */ = {
			isa = PBXVariantGroup;
			children = (
				D6AA4F3627ABC27F00970B18 /* Base */,
			);
			name = Main.storyboard;
			sourceTree = "<group>";
		};
		D6AA4F3A27ABC28100970B18 /* LaunchScreen.storyboard */ = {
			isa = PBXVariantGroup;
			children = (
				D6AA4F3B27ABC28100970B18 /* Base */,
			);
			name = LaunchScreen.storyboard;
			sourceTree = "<group>";
		};
/* End PBXVariantGroup section */

/* Begin XCBuildConfiguration section */
		D6AA4F5427ABC28100970B18 /* Debug */ = {
			isa = XCBuildConfiguration;
			buildSettings = {
				ALWAYS_SEARCH_USER_PATHS = NO;
				CLANG_ANALYZER_NONNULL = YES;
				CLANG_ANALYZER_NUMBER_OBJECT_CONVERSION = YES_AGGRESSIVE;
				CLANG_CXX_LANGUAGE_STANDARD = "gnu++17";
				CLANG_CXX_LIBRARY = "libc++";
				CLANG_ENABLE_MODULES = YES;
				CLANG_ENABLE_OBJC_ARC = YES;
				CLANG_ENABLE_OBJC_WEAK = YES;
				CLANG_WARN_BLOCK_CAPTURE_AUTORELEASING = YES;
				CLANG_WARN_BOOL_CONVERSION = YES;
				CLANG_WARN_COMMA = YES;
				CLANG_WARN_CONSTANT_CONVERSION = YES;
				CLANG_WARN_DEPRECATED_OBJC_IMPLEMENTATIONS = YES;
				CLANG_WARN_DIRECT_OBJC_ISA_USAGE = YES_ERROR;
				CLANG_WARN_DOCUMENTATION_COMMENTS = YES;
				CLANG_WARN_EMPTY_BODY = YES;
				CLANG_WARN_ENUM_CONVERSION = YES;
				CLANG_WARN_INFINITE_RECURSION = YES;
				CLANG_WARN_INT_CONVERSION = YES;
				CLANG_WARN_NON_LITERAL_NULL_CONVERSION = YES;
				CLANG_WARN_OBJC_IMPLICIT_RETAIN_SELF = YES;
				CLANG_WARN_OBJC_LITERAL_CONVERSION = YES;
				CLANG_WARN_OBJC_ROOT_CLASS = YES_ERROR;
				CLANG_WARN_QUOTED_INCLUDE_IN_FRAMEWORK_HEADER = YES;
				CLANG_WARN_RANGE_LOOP_ANALYSIS = YES;
				CLANG_WARN_STRICT_PROTOTYPES = YES;
				CLANG_WARN_SUSPICIOUS_MOVE = YES;
				CLANG_WARN_UNGUARDED_AVAILABILITY = YES_AGGRESSIVE;
				CLANG_WARN_UNREACHABLE_CODE = YES;
				CLANG_WARN__DUPLICATE_METHOD_MATCH = YES;
				COPY_PHASE_STRIP = NO;
				DEBUG_INFORMATION_FORMAT = dwarf;
				ENABLE_STRICT_OBJC_MSGSEND = YES;
				ENABLE_TESTABILITY = YES;
				GCC_C_LANGUAGE_STANDARD = gnu11;
				GCC_DYNAMIC_NO_PIC = NO;
				GCC_NO_COMMON_BLOCKS = YES;
				GCC_OPTIMIZATION_LEVEL = 0;
				GCC_PREPROCESSOR_DEFINITIONS = (
					"DEBUG=1",
					"$(inherited)",
				);
				GCC_WARN_64_TO_32_BIT_CONVERSION = YES;
				GCC_WARN_ABOUT_RETURN_TYPE = YES_ERROR;
				GCC_WARN_UNDECLARED_SELECTOR = YES;
				GCC_WARN_UNINITIALIZED_AUTOS = YES_AGGRESSIVE;
				GCC_WARN_UNUSED_FUNCTION = YES;
				GCC_WARN_UNUSED_VARIABLE = YES;
				IPHONEOS_DEPLOYMENT_TARGET = 15.2;
				MTL_ENABLE_DEBUG_INFO = INCLUDE_SOURCE;
				MTL_FAST_MATH = YES;
				ONLY_ACTIVE_ARCH = YES;
				SDKROOT = iphoneos;
				SWIFT_ACTIVE_COMPILATION_CONDITIONS = DEBUG;
				SWIFT_OPTIMIZATION_LEVEL = "-Onone";
			};
			name = Debug;
		};
		D6AA4F5527ABC28100970B18 /* Release */ = {
			isa = XCBuildConfiguration;
			buildSettings = {
				ALWAYS_SEARCH_USER_PATHS = NO;
				CLANG_ANALYZER_NONNULL = YES;
				CLANG_ANALYZER_NUMBER_OBJECT_CONVERSION = YES_AGGRESSIVE;
				CLANG_CXX_LANGUAGE_STANDARD = "gnu++17";
				CLANG_CXX_LIBRARY = "libc++";
				CLANG_ENABLE_MODULES = YES;
				CLANG_ENABLE_OBJC_ARC = YES;
				CLANG_ENABLE_OBJC_WEAK = YES;
				CLANG_WARN_BLOCK_CAPTURE_AUTORELEASING = YES;
				CLANG_WARN_BOOL_CONVERSION = YES;
				CLANG_WARN_COMMA = YES;
				CLANG_WARN_CONSTANT_CONVERSION = YES;
				CLANG_WARN_DEPRECATED_OBJC_IMPLEMENTATIONS = YES;
				CLANG_WARN_DIRECT_OBJC_ISA_USAGE = YES_ERROR;
				CLANG_WARN_DOCUMENTATION_COMMENTS = YES;
				CLANG_WARN_EMPTY_BODY = YES;
				CLANG_WARN_ENUM_CONVERSION = YES;
				CLANG_WARN_INFINITE_RECURSION = YES;
				CLANG_WARN_INT_CONVERSION = YES;
				CLANG_WARN_NON_LITERAL_NULL_CONVERSION = YES;
				CLANG_WARN_OBJC_IMPLICIT_RETAIN_SELF = YES;
				CLANG_WARN_OBJC_LITERAL_CONVERSION = YES;
				CLANG_WARN_OBJC_ROOT_CLASS = YES_ERROR;
				CLANG_WARN_QUOTED_INCLUDE_IN_FRAMEWORK_HEADER = YES;
				CLANG_WARN_RANGE_LOOP_ANALYSIS = YES;
				CLANG_WARN_STRICT_PROTOTYPES = YES;
				CLANG_WARN_SUSPICIOUS_MOVE = YES;
				CLANG_WARN_UNGUARDED_AVAILABILITY = YES_AGGRESSIVE;
				CLANG_WARN_UNREACHABLE_CODE = YES;
				CLANG_WARN__DUPLICATE_METHOD_MATCH = YES;
				COPY_PHASE_STRIP = NO;
				DEBUG_INFORMATION_FORMAT = "dwarf-with-dsym";
				ENABLE_NS_ASSERTIONS = NO;
				ENABLE_STRICT_OBJC_MSGSEND = YES;
				GCC_C_LANGUAGE_STANDARD = gnu11;
				GCC_NO_COMMON_BLOCKS = YES;
				GCC_WARN_64_TO_32_BIT_CONVERSION = YES;
				GCC_WARN_ABOUT_RETURN_TYPE = YES_ERROR;
				GCC_WARN_UNDECLARED_SELECTOR = YES;
				GCC_WARN_UNINITIALIZED_AUTOS = YES_AGGRESSIVE;
				GCC_WARN_UNUSED_FUNCTION = YES;
				GCC_WARN_UNUSED_VARIABLE = YES;
				IPHONEOS_DEPLOYMENT_TARGET = 15.2;
				MTL_ENABLE_DEBUG_INFO = NO;
				MTL_FAST_MATH = YES;
				SDKROOT = iphoneos;
				SWIFT_COMPILATION_MODE = wholemodule;
				SWIFT_OPTIMIZATION_LEVEL = "-O";
				VALIDATE_PRODUCT = YES;
			};
			name = Release;
		};
		D6AA4F5727ABC28100970B18 /* Debug */ = {
			isa = XCBuildConfiguration;
			buildSettings = {
				ASSETCATALOG_COMPILER_APPICON_NAME = AppIcon;
				ASSETCATALOG_COMPILER_GLOBAL_ACCENT_COLOR_NAME = AccentColor;
				CODE_SIGN_STYLE = Automatic;
				CURRENT_PROJECT_VERSION = 1;
				DEVELOPMENT_TEAM = K6LJCT8RAA;
				GENERATE_INFOPLIST_FILE = YES;
				INFOPLIST_FILE = OnceYourMood/Info.plist;
				INFOPLIST_KEY_UIApplicationSupportsIndirectInputEvents = YES;
				INFOPLIST_KEY_UILaunchStoryboardName = LaunchScreen;
				INFOPLIST_KEY_UIMainStoryboardFile = Main;
				INFOPLIST_KEY_UISupportedInterfaceOrientations_iPad = "UIInterfaceOrientationPortrait UIInterfaceOrientationPortraitUpsideDown UIInterfaceOrientationLandscapeLeft UIInterfaceOrientationLandscapeRight";
				INFOPLIST_KEY_UISupportedInterfaceOrientations_iPhone = "UIInterfaceOrientationPortrait UIInterfaceOrientationLandscapeLeft UIInterfaceOrientationLandscapeRight";
				LD_RUNPATH_SEARCH_PATHS = (
					"$(inherited)",
					"@executable_path/Frameworks",
				);
				MARKETING_VERSION = 1.0;
				PRODUCT_BUNDLE_IDENTIFIER = com.OnceYourMood;
				PRODUCT_NAME = "$(TARGET_NAME)";
				SWIFT_EMIT_LOC_STRINGS = YES;
				SWIFT_VERSION = 5.0;
				TARGETED_DEVICE_FAMILY = "1,2";
			};
			name = Debug;
		};
		D6AA4F5827ABC28100970B18 /* Release */ = {
			isa = XCBuildConfiguration;
			buildSettings = {
				ASSETCATALOG_COMPILER_APPICON_NAME = AppIcon;
				ASSETCATALOG_COMPILER_GLOBAL_ACCENT_COLOR_NAME = AccentColor;
				CODE_SIGN_STYLE = Automatic;
				CURRENT_PROJECT_VERSION = 1;
				DEVELOPMENT_TEAM = K6LJCT8RAA;
				GENERATE_INFOPLIST_FILE = YES;
				INFOPLIST_FILE = OnceYourMood/Info.plist;
				INFOPLIST_KEY_UIApplicationSupportsIndirectInputEvents = YES;
				INFOPLIST_KEY_UILaunchStoryboardName = LaunchScreen;
				INFOPLIST_KEY_UIMainStoryboardFile = Main;
				INFOPLIST_KEY_UISupportedInterfaceOrientations_iPad = "UIInterfaceOrientationPortrait UIInterfaceOrientationPortraitUpsideDown UIInterfaceOrientationLandscapeLeft UIInterfaceOrientationLandscapeRight";
				INFOPLIST_KEY_UISupportedInterfaceOrientations_iPhone = "UIInterfaceOrientationPortrait UIInterfaceOrientationLandscapeLeft UIInterfaceOrientationLandscapeRight";
				LD_RUNPATH_SEARCH_PATHS = (
					"$(inherited)",
					"@executable_path/Frameworks",
				);
				MARKETING_VERSION = 1.0;
				PRODUCT_BUNDLE_IDENTIFIER = com.OnceYourMood;
				PRODUCT_NAME = "$(TARGET_NAME)";
				SWIFT_EMIT_LOC_STRINGS = YES;
				SWIFT_VERSION = 5.0;
				TARGETED_DEVICE_FAMILY = "1,2";
			};
			name = Release;
		};
		D6AA4F5A27ABC28100970B18 /* Debug */ = {
			isa = XCBuildConfiguration;
			buildSettings = {
				ALWAYS_EMBED_SWIFT_STANDARD_LIBRARIES = YES;
				BUNDLE_LOADER = "$(TEST_HOST)";
				CODE_SIGN_STYLE = Automatic;
				CURRENT_PROJECT_VERSION = 1;
				DEVELOPMENT_TEAM = K6LJCT8RAA;
				GENERATE_INFOPLIST_FILE = YES;
				IPHONEOS_DEPLOYMENT_TARGET = 15.2;
				MARKETING_VERSION = 1.0;
				PRODUCT_BUNDLE_IDENTIFIER = com.OnceYourMoodTests;
				PRODUCT_NAME = "$(TARGET_NAME)";
				SWIFT_EMIT_LOC_STRINGS = NO;
				SWIFT_VERSION = 5.0;
				TARGETED_DEVICE_FAMILY = "1,2";
				TEST_HOST = "$(BUILT_PRODUCTS_DIR)/OnceYourMood.app/OnceYourMood";
			};
			name = Debug;
		};
		D6AA4F5B27ABC28100970B18 /* Release */ = {
			isa = XCBuildConfiguration;
			buildSettings = {
				ALWAYS_EMBED_SWIFT_STANDARD_LIBRARIES = YES;
				BUNDLE_LOADER = "$(TEST_HOST)";
				CODE_SIGN_STYLE = Automatic;
				CURRENT_PROJECT_VERSION = 1;
				DEVELOPMENT_TEAM = K6LJCT8RAA;
				GENERATE_INFOPLIST_FILE = YES;
				IPHONEOS_DEPLOYMENT_TARGET = 15.2;
				MARKETING_VERSION = 1.0;
				PRODUCT_BUNDLE_IDENTIFIER = com.OnceYourMoodTests;
				PRODUCT_NAME = "$(TARGET_NAME)";
				SWIFT_EMIT_LOC_STRINGS = NO;
				SWIFT_VERSION = 5.0;
				TARGETED_DEVICE_FAMILY = "1,2";
				TEST_HOST = "$(BUILT_PRODUCTS_DIR)/OnceYourMood.app/OnceYourMood";
			};
			name = Release;
		};
		D6AA4F5D27ABC28100970B18 /* Debug */ = {
			isa = XCBuildConfiguration;
			buildSettings = {
				ALWAYS_EMBED_SWIFT_STANDARD_LIBRARIES = YES;
				CODE_SIGN_STYLE = Automatic;
				CURRENT_PROJECT_VERSION = 1;
				DEVELOPMENT_TEAM = K6LJCT8RAA;
				GENERATE_INFOPLIST_FILE = YES;
				MARKETING_VERSION = 1.0;
				PRODUCT_BUNDLE_IDENTIFIER = com.OnceYourMoodUITests;
				PRODUCT_NAME = "$(TARGET_NAME)";
				SWIFT_EMIT_LOC_STRINGS = NO;
				SWIFT_VERSION = 5.0;
				TARGETED_DEVICE_FAMILY = "1,2";
				TEST_TARGET_NAME = OnceYourMood;
			};
			name = Debug;
		};
		D6AA4F5E27ABC28100970B18 /* Release */ = {
			isa = XCBuildConfiguration;
			buildSettings = {
				ALWAYS_EMBED_SWIFT_STANDARD_LIBRARIES = YES;
				CODE_SIGN_STYLE = Automatic;
				CURRENT_PROJECT_VERSION = 1;
				DEVELOPMENT_TEAM = K6LJCT8RAA;
				GENERATE_INFOPLIST_FILE = YES;
				MARKETING_VERSION = 1.0;
				PRODUCT_BUNDLE_IDENTIFIER = com.OnceYourMoodUITests;
				PRODUCT_NAME = "$(TARGET_NAME)";
				SWIFT_EMIT_LOC_STRINGS = NO;
				SWIFT_VERSION = 5.0;
				TARGETED_DEVICE_FAMILY = "1,2";
				TEST_TARGET_NAME = OnceYourMood;
			};
			name = Release;
		};
/* End XCBuildConfiguration section */

/* Begin XCConfigurationList section */
		D6AA4F2727ABC27F00970B18 /* Build configuration list for PBXProject "OnceYourMood" */ = {
			isa = XCConfigurationList;
			buildConfigurations = (
				D6AA4F5427ABC28100970B18 /* Debug */,
				D6AA4F5527ABC28100970B18 /* Release */,
			);
			defaultConfigurationIsVisible = 0;
			defaultConfigurationName = Release;
		};
		D6AA4F5627ABC28100970B18 /* Build configuration list for PBXNativeTarget "OnceYourMood" */ = {
			isa = XCConfigurationList;
			buildConfigurations = (
				D6AA4F5727ABC28100970B18 /* Debug */,
				D6AA4F5827ABC28100970B18 /* Release */,
			);
			defaultConfigurationIsVisible = 0;
			defaultConfigurationName = Release;
		};
		D6AA4F5927ABC28100970B18 /* Build configuration list for PBXNativeTarget "OnceYourMoodTests" */ = {
			isa = XCConfigurationList;
			buildConfigurations = (
				D6AA4F5A27ABC28100970B18 /* Debug */,
				D6AA4F5B27ABC28100970B18 /* Release */,
			);
			defaultConfigurationIsVisible = 0;
			defaultConfigurationName = Release;
		};
		D6AA4F5C27ABC28100970B18 /* Build configuration list for PBXNativeTarget "OnceYourMoodUITests" */ = {
			isa = XCConfigurationList;
			buildConfigurations = (
				D6AA4F5D27ABC28100970B18 /* Debug */,
				D6AA4F5E27ABC28100970B18 /* Release */,
			);
			defaultConfigurationIsVisible = 0;
			defaultConfigurationName = Release;
		};
/* End XCConfigurationList section */

/* Begin XCRemoteSwiftPackageReference section */
		D6CF56F027AF416D00C58340 /* XCRemoteSwiftPackageReference "SimpleCheckbox" */ = {
			isa = XCRemoteSwiftPackageReference;
			repositoryURL = "https://github.com/BeauNouvelle/SimpleCheckbox.git";
			requirement = {
				kind = upToNextMajorVersion;
				minimumVersion = 2.0.0;
			};
		};
/* End XCRemoteSwiftPackageReference section */

/* Begin XCSwiftPackageProductDependency section */
		D6CF56F127AF416D00C58340 /* SimpleCheckbox */ = {
			isa = XCSwiftPackageProductDependency;
			package = D6CF56F027AF416D00C58340 /* XCRemoteSwiftPackageReference "SimpleCheckbox" */;
			productName = SimpleCheckbox;
		};
/* End XCSwiftPackageProductDependency section */
	};
	rootObject = D6AA4F2427ABC27F00970B18 /* Project object */;
}
