// !$*UTF8*$!
{
	archiveVersion = 1;
	classes = {
	};
	objectVersion = 56;
	objects = {

/* Begin PBXBuildFile section */
		D6738FE22C1636B7005C84D8 /* OnceYourMoodApp.swift in Sources */ = {isa = PBXBuildFile; fileRef = D6738FE12C1636B7005C84D8 /* OnceYourMoodApp.swift */; };
		D6738FE42C1636B7005C84D8 /* ContentView.swift in Sources */ = {isa = PBXBuildFile; fileRef = D6738FE32C1636B7005C84D8 /* ContentView.swift */; };
		D6738FE62C1636B9005C84D8 /* Assets.xcassets in Resources */ = {isa = PBXBuildFile; fileRef = D6738FE52C1636B9005C84D8 /* Assets.xcassets */; };
		D6738FE92C1636B9005C84D8 /* Preview Assets.xcassets in Resources */ = {isa = PBXBuildFile; fileRef = D6738FE82C1636B9005C84D8 /* Preview Assets.xcassets */; };
		D6738FF32C1636B9005C84D8 /* OnceYourMoodTests.swift in Sources */ = {isa = PBXBuildFile; fileRef = D6738FF22C1636B9005C84D8 /* OnceYourMoodTests.swift */; };
		D6738FFD2C1636B9005C84D8 /* OnceYourMoodUITests.swift in Sources */ = {isa = PBXBuildFile; fileRef = D6738FFC2C1636B9005C84D8 /* OnceYourMoodUITests.swift */; };
		D6738FFF2C1636B9005C84D8 /* OnceYourMoodUITestsLaunchTests.swift in Sources */ = {isa = PBXBuildFile; fileRef = D6738FFE2C1636B9005C84D8 /* OnceYourMoodUITestsLaunchTests.swift */; };
		D673900C2C1637EF005C84D8 /* Apatimeni.swift in Sources */ = {isa = PBXBuildFile; fileRef = D673900B2C1637EF005C84D8 /* Apatimeni.swift */; };
		D673900E2C163852005C84D8 /* Dynamiki.swift in Sources */ = {isa = PBXBuildFile; fileRef = D673900D2C163852005C84D8 /* Dynamiki.swift */; };
		D67390112C163907005C84D8 /* Ekneurismeni.swift in Sources */ = {isa = PBXBuildFile; fileRef = D67390102C163907005C84D8 /* Ekneurismeni.swift */; };
		D67390132C163953005C84D8 /* Exantlimeni.swift in Sources */ = {isa = PBXBuildFile; fileRef = D67390122C163953005C84D8 /* Exantlimeni.swift */; };
		D67390152C16421A005C84D8 /* LaunchScreen.storyboard in Resources */ = {isa = PBXBuildFile; fileRef = D67390142C16421A005C84D8 /* LaunchScreen.storyboard */; };
/* End PBXBuildFile section */

/* Begin PBXContainerItemProxy section */
		D6738FEF2C1636B9005C84D8 /* PBXContainerItemProxy */ = {
			isa = PBXContainerItemProxy;
			containerPortal = D6738FD62C1636B7005C84D8 /* Project object */;
			proxyType = 1;
			remoteGlobalIDString = D6738FDD2C1636B7005C84D8;
			remoteInfo = OnceYourMood;
		};
		D6738FF92C1636B9005C84D8 /* PBXContainerItemProxy */ = {
			isa = PBXContainerItemProxy;
			containerPortal = D6738FD62C1636B7005C84D8 /* Project object */;
			proxyType = 1;
			remoteGlobalIDString = D6738FDD2C1636B7005C84D8;
			remoteInfo = OnceYourMood;
		};
/* End PBXContainerItemProxy section */

/* Begin PBXFileReference section */
		D6738FDE2C1636B7005C84D8 /* OnceYourMood.app */ = {isa = PBXFileReference; explicitFileType = wrapper.application; includeInIndex = 0; path = OnceYourMood.app; sourceTree = BUILT_PRODUCTS_DIR; };
		D6738FE12C1636B7005C84D8 /* OnceYourMoodApp.swift */ = {isa = PBXFileReference; lastKnownFileType = sourcecode.swift; path = OnceYourMoodApp.swift; sourceTree = "<group>"; };
		D6738FE32C1636B7005C84D8 /* ContentView.swift */ = {isa = PBXFileReference; lastKnownFileType = sourcecode.swift; path = ContentView.swift; sourceTree = "<group>"; };
		D6738FE52C1636B9005C84D8 /* Assets.xcassets */ = {isa = PBXFileReference; lastKnownFileType = folder.assetcatalog; path = Assets.xcassets; sourceTree = "<group>"; };
		D6738FE82C1636B9005C84D8 /* Preview Assets.xcassets */ = {isa = PBXFileReference; lastKnownFileType = folder.assetcatalog; path = "Preview Assets.xcassets"; sourceTree = "<group>"; };
		D6738FEE2C1636B9005C84D8 /* OnceYourMoodTests.xctest */ = {isa = PBXFileReference; explicitFileType = wrapper.cfbundle; includeInIndex = 0; path = OnceYourMoodTests.xctest; sourceTree = BUILT_PRODUCTS_DIR; };
		D6738FF22C1636B9005C84D8 /* OnceYourMoodTests.swift */ = {isa = PBXFileReference; lastKnownFileType = sourcecode.swift; path = OnceYourMoodTests.swift; sourceTree = "<group>"; };
		D6738FF82C1636B9005C84D8 /* OnceYourMoodUITests.xctest */ = {isa = PBXFileReference; explicitFileType = wrapper.cfbundle; includeInIndex = 0; path = OnceYourMoodUITests.xctest; sourceTree = BUILT_PRODUCTS_DIR; };
		D6738FFC2C1636B9005C84D8 /* OnceYourMoodUITests.swift */ = {isa = PBXFileReference; lastKnownFileType = sourcecode.swift; path = OnceYourMoodUITests.swift; sourceTree = "<group>"; };
		D6738FFE2C1636B9005C84D8 /* OnceYourMoodUITestsLaunchTests.swift */ = {isa = PBXFileReference; lastKnownFileType = sourcecode.swift; path = OnceYourMoodUITestsLaunchTests.swift; sourceTree = "<group>"; };
		D673900B2C1637EF005C84D8 /* Apatimeni.swift */ = {isa = PBXFileReference; lastKnownFileType = sourcecode.swift; path = Apatimeni.swift; sourceTree = "<group>"; };
		D673900D2C163852005C84D8 /* Dynamiki.swift */ = {isa = PBXFileReference; lastKnownFileType = sourcecode.swift; path = Dynamiki.swift; sourceTree = "<group>"; };
		D67390102C163907005C84D8 /* Ekneurismeni.swift */ = {isa = PBXFileReference; lastKnownFileType = sourcecode.swift; path = Ekneurismeni.swift; sourceTree = "<group>"; };
		D67390122C163953005C84D8 /* Exantlimeni.swift */ = {isa = PBXFileReference; lastKnownFileType = sourcecode.swift; path = Exantlimeni.swift; sourceTree = "<group>"; };
		D67390142C16421A005C84D8 /* LaunchScreen.storyboard */ = {isa = PBXFileReference; lastKnownFileType = file.storyboard; path = LaunchScreen.storyboard; sourceTree = "<group>"; };
/* End PBXFileReference section */

/* Begin PBXFrameworksBuildPhase section */
		D6738FDB2C1636B7005C84D8 /* Frameworks */ = {
			isa = PBXFrameworksBuildPhase;
			buildActionMask = 2147483647;
			files = (
			);
			runOnlyForDeploymentPostprocessing = 0;
		};
		D6738FEB2C1636B9005C84D8 /* Frameworks */ = {
			isa = PBXFrameworksBuildPhase;
			buildActionMask = 2147483647;
			files = (
			);
			runOnlyForDeploymentPostprocessing = 0;
		};
		D6738FF52C1636B9005C84D8 /* Frameworks */ = {
			isa = PBXFrameworksBuildPhase;
			buildActionMask = 2147483647;
			files = (
			);
			runOnlyForDeploymentPostprocessing = 0;
		};
/* End PBXFrameworksBuildPhase section */

/* Begin PBXGroup section */
		D6738FD52C1636B7005C84D8 = {
			isa = PBXGroup;
			children = (
				D6738FE02C1636B7005C84D8 /* OnceYourMood */,
				D6738FF12C1636B9005C84D8 /* OnceYourMoodTests */,
				D6738FFB2C1636B9005C84D8 /* OnceYourMoodUITests */,
				D6738FDF2C1636B7005C84D8 /* Products */,
			);
			sourceTree = "<group>";
		};
		D6738FDF2C1636B7005C84D8 /* Products */ = {
			isa = PBXGroup;
			children = (
				D6738FDE2C1636B7005C84D8 /* OnceYourMood.app */,
				D6738FEE2C1636B9005C84D8 /* OnceYourMoodTests.xctest */,
				D6738FF82C1636B9005C84D8 /* OnceYourMoodUITests.xctest */,
			);
			name = Products;
			sourceTree = "<group>";
		};
		D6738FE02C1636B7005C84D8 /* OnceYourMood */ = {
			isa = PBXGroup;
			children = (
				D673900F2C1638DC005C84D8 /* View */,
				D6738FE12C1636B7005C84D8 /* OnceYourMoodApp.swift */,
				D6738FE32C1636B7005C84D8 /* ContentView.swift */,
				D6738FE52C1636B9005C84D8 /* Assets.xcassets */,
				D6738FE72C1636B9005C84D8 /* Preview Content */,
				D67390142C16421A005C84D8 /* LaunchScreen.storyboard */,
			);
			path = OnceYourMood;
			sourceTree = "<group>";
		};
		D6738FE72C1636B9005C84D8 /* Preview Content */ = {
			isa = PBXGroup;
			children = (
				D6738FE82C1636B9005C84D8 /* Preview Assets.xcassets */,
			);
			path = "Preview Content";
			sourceTree = "<group>";
		};
		D6738FF12C1636B9005C84D8 /* OnceYourMoodTests */ = {
			isa = PBXGroup;
			children = (
				D6738FF22C1636B9005C84D8 /* OnceYourMoodTests.swift */,
			);
			path = OnceYourMoodTests;
			sourceTree = "<group>";
		};
		D6738FFB2C1636B9005C84D8 /* OnceYourMoodUITests */ = {
			isa = PBXGroup;
			children = (
				D6738FFC2C1636B9005C84D8 /* OnceYourMoodUITests.swift */,
				D6738FFE2C1636B9005C84D8 /* OnceYourMoodUITestsLaunchTests.swift */,
			);
			path = OnceYourMoodUITests;
			sourceTree = "<group>";
		};
		D673900F2C1638DC005C84D8 /* View */ = {
			isa = PBXGroup;
			children = (
				D673900D2C163852005C84D8 /* Dynamiki.swift */,
				D673900B2C1637EF005C84D8 /* Apatimeni.swift */,
				D67390102C163907005C84D8 /* Ekneurismeni.swift */,
				D67390122C163953005C84D8 /* Exantlimeni.swift */,
			);
			path = View;
			sourceTree = "<group>";
		};
/* End PBXGroup section */

/* Begin PBXNativeTarget section */
		D6738FDD2C1636B7005C84D8 /* OnceYourMood */ = {
			isa = PBXNativeTarget;
			buildConfigurationList = D67390022C1636B9005C84D8 /* Build configuration list for PBXNativeTarget "OnceYourMood" */;
			buildPhases = (
				D6738FDA2C1636B7005C84D8 /* Sources */,
				D6738FDB2C1636B7005C84D8 /* Frameworks */,
				D6738FDC2C1636B7005C84D8 /* Resources */,
			);
			buildRules = (
			);
			dependencies = (
			);
			name = OnceYourMood;
			productName = OnceYourMood;
			productReference = D6738FDE2C1636B7005C84D8 /* OnceYourMood.app */;
			productType = "com.apple.product-type.application";
		};
		D6738FED2C1636B9005C84D8 /* OnceYourMoodTests */ = {
			isa = PBXNativeTarget;
			buildConfigurationList = D67390052C1636B9005C84D8 /* Build configuration list for PBXNativeTarget "OnceYourMoodTests" */;
			buildPhases = (
				D6738FEA2C1636B9005C84D8 /* Sources */,
				D6738FEB2C1636B9005C84D8 /* Frameworks */,
				D6738FEC2C1636B9005C84D8 /* Resources */,
			);
			buildRules = (
			);
			dependencies = (
				D6738FF02C1636B9005C84D8 /* PBXTargetDependency */,
			);
			name = OnceYourMoodTests;
			productName = OnceYourMoodTests;
			productReference = D6738FEE2C1636B9005C84D8 /* OnceYourMoodTests.xctest */;
			productType = "com.apple.product-type.bundle.unit-test";
		};
		D6738FF72C1636B9005C84D8 /* OnceYourMoodUITests */ = {
			isa = PBXNativeTarget;
			buildConfigurationList = D67390082C1636B9005C84D8 /* Build configuration list for PBXNativeTarget "OnceYourMoodUITests" */;
			buildPhases = (
				D6738FF42C1636B9005C84D8 /* Sources */,
				D6738FF52C1636B9005C84D8 /* Frameworks */,
				D6738FF62C1636B9005C84D8 /* Resources */,
			);
			buildRules = (
			);
			dependencies = (
				D6738FFA2C1636B9005C84D8 /* PBXTargetDependency */,
			);
			name = OnceYourMoodUITests;
			productName = OnceYourMoodUITests;
			productReference = D6738FF82C1636B9005C84D8 /* OnceYourMoodUITests.xctest */;
			productType = "com.apple.product-type.bundle.ui-testing";
		};
/* End PBXNativeTarget section */

/* Begin PBXProject section */
		D6738FD62C1636B7005C84D8 /* Project object */ = {
			isa = PBXProject;
			attributes = {
				BuildIndependentTargetsInParallel = 1;
				LastSwiftUpdateCheck = 1540;
				LastUpgradeCheck = 1540;
				TargetAttributes = {
					D6738FDD2C1636B7005C84D8 = {
						CreatedOnToolsVersion = 15.4;
					};
					D6738FED2C1636B9005C84D8 = {
						CreatedOnToolsVersion = 15.4;
						TestTargetID = D6738FDD2C1636B7005C84D8;
					};
					D6738FF72C1636B9005C84D8 = {
						CreatedOnToolsVersion = 15.4;
						TestTargetID = D6738FDD2C1636B7005C84D8;
					};
				};
			};
			buildConfigurationList = D6738FD92C1636B7005C84D8 /* Build configuration list for PBXProject "OnceYourMood" */;
			compatibilityVersion = "Xcode 14.0";
			developmentRegion = en;
			hasScannedForEncodings = 0;
			knownRegions = (
				en,
				Base,
			);
			mainGroup = D6738FD52C1636B7005C84D8;
			productRefGroup = D6738FDF2C1636B7005C84D8 /* Products */;
			projectDirPath = "";
			projectRoot = "";
			targets = (
				D6738FDD2C1636B7005C84D8 /* OnceYourMood */,
				D6738FED2C1636B9005C84D8 /* OnceYourMoodTests */,
				D6738FF72C1636B9005C84D8 /* OnceYourMoodUITests */,
			);
		};
/* End PBXProject section */

/* Begin PBXResourcesBuildPhase section */
		D6738FDC2C1636B7005C84D8 /* Resources */ = {
			isa = PBXResourcesBuildPhase;
			buildActionMask = 2147483647;
			files = (
				D67390152C16421A005C84D8 /* LaunchScreen.storyboard in Resources */,
				D6738FE92C1636B9005C84D8 /* Preview Assets.xcassets in Resources */,
				D6738FE62C1636B9005C84D8 /* Assets.xcassets in Resources */,
			);
			runOnlyForDeploymentPostprocessing = 0;
		};
		D6738FEC2C1636B9005C84D8 /* Resources */ = {
			isa = PBXResourcesBuildPhase;
			buildActionMask = 2147483647;
			files = (
			);
			runOnlyForDeploymentPostprocessing = 0;
		};
		D6738FF62C1636B9005C84D8 /* Resources */ = {
			isa = PBXResourcesBuildPhase;
			buildActionMask = 2147483647;
			files = (
			);
			runOnlyForDeploymentPostprocessing = 0;
		};
/* End PBXResourcesBuildPhase section */

/* Begin PBXSourcesBuildPhase section */
		D6738FDA2C1636B7005C84D8 /* Sources */ = {
			isa = PBXSourcesBuildPhase;
			buildActionMask = 2147483647;
			files = (
				D67390132C163953005C84D8 /* Exantlimeni.swift in Sources */,
				D6738FE42C1636B7005C84D8 /* ContentView.swift in Sources */,
				D6738FE22C1636B7005C84D8 /* OnceYourMoodApp.swift in Sources */,
				D673900C2C1637EF005C84D8 /* Apatimeni.swift in Sources */,
				D67390112C163907005C84D8 /* Ekneurismeni.swift in Sources */,
				D673900E2C163852005C84D8 /* Dynamiki.swift in Sources */,
			);
			runOnlyForDeploymentPostprocessing = 0;
		};
		D6738FEA2C1636B9005C84D8 /* Sources */ = {
			isa = PBXSourcesBuildPhase;
			buildActionMask = 2147483647;
			files = (
				D6738FF32C1636B9005C84D8 /* OnceYourMoodTests.swift in Sources */,
			);
			runOnlyForDeploymentPostprocessing = 0;
		};
		D6738FF42C1636B9005C84D8 /* Sources */ = {
			isa = PBXSourcesBuildPhase;
			buildActionMask = 2147483647;
			files = (
				D6738FFD2C1636B9005C84D8 /* OnceYourMoodUITests.swift in Sources */,
				D6738FFF2C1636B9005C84D8 /* OnceYourMoodUITestsLaunchTests.swift in Sources */,
			);
			runOnlyForDeploymentPostprocessing = 0;
		};
/* End PBXSourcesBuildPhase section */

/* Begin PBXTargetDependency section */
		D6738FF02C1636B9005C84D8 /* PBXTargetDependency */ = {
			isa = PBXTargetDependency;
			target = D6738FDD2C1636B7005C84D8 /* OnceYourMood */;
			targetProxy = D6738FEF2C1636B9005C84D8 /* PBXContainerItemProxy */;
		};
		D6738FFA2C1636B9005C84D8 /* PBXTargetDependency */ = {
			isa = PBXTargetDependency;
			target = D6738FDD2C1636B7005C84D8 /* OnceYourMood */;
			targetProxy = D6738FF92C1636B9005C84D8 /* PBXContainerItemProxy */;
		};
/* End PBXTargetDependency section */

/* Begin XCBuildConfiguration section */
		D67390002C1636B9005C84D8 /* Debug */ = {
			isa = XCBuildConfiguration;
			buildSettings = {
				ALWAYS_SEARCH_USER_PATHS = NO;
				ASSETCATALOG_COMPILER_GENERATE_SWIFT_ASSET_SYMBOL_EXTENSIONS = YES;
				CLANG_ANALYZER_NONNULL = YES;
				CLANG_ANALYZER_NUMBER_OBJECT_CONVERSION = YES_AGGRESSIVE;
				CLANG_CXX_LANGUAGE_STANDARD = "gnu++20";
				CLANG_ENABLE_MODULES = YES;
				CLANG_ENABLE_OBJC_ARC = YES;
				CLANG_ENABLE_OBJC_WEAK = YES;
				CLANG_WARN_BLOCK_CAPTURE_AUTORELEASING = YES;
				CLANG_WARN_BOOL_CONVERSION = YES;
				CLANG_WARN_COMMA = YES;
				CLANG_WARN_CONSTANT_CONVERSION = YES;
				CLANG_WARN_DEPRECATED_OBJC_IMPLEMENTATIONS = YES;
				CLANG_WARN_DIRECT_OBJC_ISA_USAGE = YES_ERROR;
				CLANG_WARN_DOCUMENTATION_COMMENTS = YES;
				CLANG_WARN_EMPTY_BODY = YES;
				CLANG_WARN_ENUM_CONVERSION = YES;
				CLANG_WARN_INFINITE_RECURSION = YES;
				CLANG_WARN_INT_CONVERSION = YES;
				CLANG_WARN_NON_LITERAL_NULL_CONVERSION = YES;
				CLANG_WARN_OBJC_IMPLICIT_RETAIN_SELF = YES;
				CLANG_WARN_OBJC_LITERAL_CONVERSION = YES;
				CLANG_WARN_OBJC_ROOT_CLASS = YES_ERROR;
				CLANG_WARN_QUOTED_INCLUDE_IN_FRAMEWORK_HEADER = YES;
				CLANG_WARN_RANGE_LOOP_ANALYSIS = YES;
				CLANG_WARN_STRICT_PROTOTYPES = YES;
				CLANG_WARN_SUSPICIOUS_MOVE = YES;
				CLANG_WARN_UNGUARDED_AVAILABILITY = YES_AGGRESSIVE;
				CLANG_WARN_UNREACHABLE_CODE = YES;
				CLANG_WARN__DUPLICATE_METHOD_MATCH = YES;
				COPY_PHASE_STRIP = NO;
				DEBUG_INFORMATION_FORMAT = dwarf;
				ENABLE_STRICT_OBJC_MSGSEND = YES;
				ENABLE_TESTABILITY = YES;
				ENABLE_USER_SCRIPT_SANDBOXING = YES;
				GCC_C_LANGUAGE_STANDARD = gnu17;
				GCC_DYNAMIC_NO_PIC = NO;
				GCC_NO_COMMON_BLOCKS = YES;
				GCC_OPTIMIZATION_LEVEL = 0;
				GCC_PREPROCESSOR_DEFINITIONS = (
					"DEBUG=1",
					"$(inherited)",
				);
				GCC_WARN_64_TO_32_BIT_CONVERSION = YES;
				GCC_WARN_ABOUT_RETURN_TYPE = YES_ERROR;
				GCC_WARN_UNDECLARED_SELECTOR = YES;
				GCC_WARN_UNINITIALIZED_AUTOS = YES_AGGRESSIVE;
				GCC_WARN_UNUSED_FUNCTION = YES;
				GCC_WARN_UNUSED_VARIABLE = YES;
				IPHONEOS_DEPLOYMENT_TARGET = 17.5;
				LOCALIZATION_PREFERS_STRING_CATALOGS = YES;
				MTL_ENABLE_DEBUG_INFO = INCLUDE_SOURCE;
				MTL_FAST_MATH = YES;
				ONLY_ACTIVE_ARCH = YES;
				SDKROOT = iphoneos;
				SWIFT_ACTIVE_COMPILATION_CONDITIONS = "DEBUG $(inherited)";
				SWIFT_OPTIMIZATION_LEVEL = "-Onone";
			};
			name = Debug;
		};
		D67390012C1636B9005C84D8 /* Release */ = {
			isa = XCBuildConfiguration;
			buildSettings = {
				ALWAYS_SEARCH_USER_PATHS = NO;
				ASSETCATALOG_COMPILER_GENERATE_SWIFT_ASSET_SYMBOL_EXTENSIONS = YES;
				CLANG_ANALYZER_NONNULL = YES;
				CLANG_ANALYZER_NUMBER_OBJECT_CONVERSION = YES_AGGRESSIVE;
				CLANG_CXX_LANGUAGE_STANDARD = "gnu++20";
				CLANG_ENABLE_MODULES = YES;
				CLANG_ENABLE_OBJC_ARC = YES;
				CLANG_ENABLE_OBJC_WEAK = YES;
				CLANG_WARN_BLOCK_CAPTURE_AUTORELEASING = YES;
				CLANG_WARN_BOOL_CONVERSION = YES;
				CLANG_WARN_COMMA = YES;
				CLANG_WARN_CONSTANT_CONVERSION = YES;
				CLANG_WARN_DEPRECATED_OBJC_IMPLEMENTATIONS = YES;
				CLANG_WARN_DIRECT_OBJC_ISA_USAGE = YES_ERROR;
				CLANG_WARN_DOCUMENTATION_COMMENTS = YES;
				CLANG_WARN_EMPTY_BODY = YES;
				CLANG_WARN_ENUM_CONVERSION = YES;
				CLANG_WARN_INFINITE_RECURSION = YES;
				CLANG_WARN_INT_CONVERSION = YES;
				CLANG_WARN_NON_LITERAL_NULL_CONVERSION = YES;
				CLANG_WARN_OBJC_IMPLICIT_RETAIN_SELF = YES;
				CLANG_WARN_OBJC_LITERAL_CONVERSION = YES;
				CLANG_WARN_OBJC_ROOT_CLASS = YES_ERROR;
				CLANG_WARN_QUOTED_INCLUDE_IN_FRAMEWORK_HEADER = YES;
				CLANG_WARN_RANGE_LOOP_ANALYSIS = YES;
				CLANG_WARN_STRICT_PROTOTYPES = YES;
				CLANG_WARN_SUSPICIOUS_MOVE = YES;
				CLANG_WARN_UNGUARDED_AVAILABILITY = YES_AGGRESSIVE;
				CLANG_WARN_UNREACHABLE_CODE = YES;
				CLANG_WARN__DUPLICATE_METHOD_MATCH = YES;
				COPY_PHASE_STRIP = NO;
				DEBUG_INFORMATION_FORMAT = "dwarf-with-dsym";
				ENABLE_NS_ASSERTIONS = NO;
				ENABLE_STRICT_OBJC_MSGSEND = YES;
				ENABLE_USER_SCRIPT_SANDBOXING = YES;
				GCC_C_LANGUAGE_STANDARD = gnu17;
				GCC_NO_COMMON_BLOCKS = YES;
				GCC_WARN_64_TO_32_BIT_CONVERSION = YES;
				GCC_WARN_ABOUT_RETURN_TYPE = YES_ERROR;
				GCC_WARN_UNDECLARED_SELECTOR = YES;
				GCC_WARN_UNINITIALIZED_AUTOS = YES_AGGRESSIVE;
				GCC_WARN_UNUSED_FUNCTION = YES;
				GCC_WARN_UNUSED_VARIABLE = YES;
				IPHONEOS_DEPLOYMENT_TARGET = 17.5;
				LOCALIZATION_PREFERS_STRING_CATALOGS = YES;
				MTL_ENABLE_DEBUG_INFO = NO;
				MTL_FAST_MATH = YES;
				SDKROOT = iphoneos;
				SWIFT_COMPILATION_MODE = wholemodule;
				VALIDATE_PRODUCT = YES;
			};
			name = Release;
		};
		D67390032C1636B9005C84D8 /* Debug */ = {
			isa = XCBuildConfiguration;
			buildSettings = {
				ASSETCATALOG_COMPILER_APPICON_NAME = AppIcon;
				ASSETCATALOG_COMPILER_GLOBAL_ACCENT_COLOR_NAME = AccentColor;
				CODE_SIGN_STYLE = Automatic;
				CURRENT_PROJECT_VERSION = 1;
				DEVELOPMENT_ASSET_PATHS = "\"OnceYourMood/Preview Content\"";
				DEVELOPMENT_TEAM = K6LJCT8RAA;
				ENABLE_PREVIEWS = YES;
				GENERATE_INFOPLIST_FILE = YES;
				INFOPLIST_KEY_UIApplicationSceneManifest_Generation = YES;
				INFOPLIST_KEY_UIApplicationSupportsIndirectInputEvents = YES;
				INFOPLIST_KEY_UILaunchScreen_Generation = YES;
				INFOPLIST_KEY_UILaunchStoryboardName = LaunchScreen.storyboard;
				INFOPLIST_KEY_UISupportedInterfaceOrientations_iPad = "UIInterfaceOrientationPortrait UIInterfaceOrientationPortraitUpsideDown UIInterfaceOrientationLandscapeLeft UIInterfaceOrientationLandscapeRight";
				INFOPLIST_KEY_UISupportedInterfaceOrientations_iPhone = "UIInterfaceOrientationPortrait UIInterfaceOrientationLandscapeLeft UIInterfaceOrientationLandscapeRight";
				LD_RUNPATH_SEARCH_PATHS = (
					"$(inherited)",
					"@executable_path/Frameworks",
				);
				MARKETING_VERSION = 1.0;
				PRODUCT_BUNDLE_IDENTIFIER = com.template.OnceYourMood;
				PRODUCT_NAME = "$(TARGET_NAME)";
				SWIFT_EMIT_LOC_STRINGS = YES;
				SWIFT_VERSION = 5.0;
				TARGETED_DEVICE_FAMILY = "1,2";
			};
			name = Debug;
		};
		D67390042C1636B9005C84D8 /* Release */ = {
			isa = XCBuildConfiguration;
			buildSettings = {
				ASSETCATALOG_COMPILER_APPICON_NAME = AppIcon;
				ASSETCATALOG_COMPILER_GLOBAL_ACCENT_COLOR_NAME = AccentColor;
				CODE_SIGN_STYLE = Automatic;
				CURRENT_PROJECT_VERSION = 1;
				DEVELOPMENT_ASSET_PATHS = "\"OnceYourMood/Preview Content\"";
				DEVELOPMENT_TEAM = K6LJCT8RAA;
				ENABLE_PREVIEWS = YES;
				GENERATE_INFOPLIST_FILE = YES;
				INFOPLIST_KEY_UIApplicationSceneManifest_Generation = YES;
				INFOPLIST_KEY_UIApplicationSupportsIndirectInputEvents = YES;
				INFOPLIST_KEY_UILaunchScreen_Generation = YES;
				INFOPLIST_KEY_UILaunchStoryboardName = LaunchScreen.storyboard;
				INFOPLIST_KEY_UISupportedInterfaceOrientations_iPad = "UIInterfaceOrientationPortrait UIInterfaceOrientationPortraitUpsideDown UIInterfaceOrientationLandscapeLeft UIInterfaceOrientationLandscapeRight";
				INFOPLIST_KEY_UISupportedInterfaceOrientations_iPhone = "UIInterfaceOrientationPortrait UIInterfaceOrientationLandscapeLeft UIInterfaceOrientationLandscapeRight";
				LD_RUNPATH_SEARCH_PATHS = (
					"$(inherited)",
					"@executable_path/Frameworks",
				);
				MARKETING_VERSION = 1.0;
				PRODUCT_BUNDLE_IDENTIFIER = com.template.OnceYourMood;
				PRODUCT_NAME = "$(TARGET_NAME)";
				SWIFT_EMIT_LOC_STRINGS = YES;
				SWIFT_VERSION = 5.0;
				TARGETED_DEVICE_FAMILY = "1,2";
			};
			name = Release;
		};
		D67390062C1636B9005C84D8 /* Debug */ = {
			isa = XCBuildConfiguration;
			buildSettings = {
				ALWAYS_EMBED_SWIFT_STANDARD_LIBRARIES = YES;
				BUNDLE_LOADER = "$(TEST_HOST)";
				CODE_SIGN_STYLE = Automatic;
				CURRENT_PROJECT_VERSION = 1;
				DEVELOPMENT_TEAM = K6LJCT8RAA;
				GENERATE_INFOPLIST_FILE = YES;
				IPHONEOS_DEPLOYMENT_TARGET = 17.5;
				MARKETING_VERSION = 1.0;
				PRODUCT_BUNDLE_IDENTIFIER = com.template.OnceYourMoodTests;
				PRODUCT_NAME = "$(TARGET_NAME)";
				SWIFT_EMIT_LOC_STRINGS = NO;
				SWIFT_VERSION = 5.0;
				TARGETED_DEVICE_FAMILY = "1,2";
				TEST_HOST = "$(BUILT_PRODUCTS_DIR)/OnceYourMood.app/$(BUNDLE_EXECUTABLE_FOLDER_PATH)/OnceYourMood";
			};
			name = Debug;
		};
		D67390072C1636B9005C84D8 /* Release */ = {
			isa = XCBuildConfiguration;
			buildSettings = {
				ALWAYS_EMBED_SWIFT_STANDARD_LIBRARIES = YES;
				BUNDLE_LOADER = "$(TEST_HOST)";
				CODE_SIGN_STYLE = Automatic;
				CURRENT_PROJECT_VERSION = 1;
				DEVELOPMENT_TEAM = K6LJCT8RAA;
				GENERATE_INFOPLIST_FILE = YES;
				IPHONEOS_DEPLOYMENT_TARGET = 17.5;
				MARKETING_VERSION = 1.0;
				PRODUCT_BUNDLE_IDENTIFIER = com.template.OnceYourMoodTests;
				PRODUCT_NAME = "$(TARGET_NAME)";
				SWIFT_EMIT_LOC_STRINGS = NO;
				SWIFT_VERSION = 5.0;
				TARGETED_DEVICE_FAMILY = "1,2";
				TEST_HOST = "$(BUILT_PRODUCTS_DIR)/OnceYourMood.app/$(BUNDLE_EXECUTABLE_FOLDER_PATH)/OnceYourMood";
			};
			name = Release;
		};
		D67390092C1636B9005C84D8 /* Debug */ = {
			isa = XCBuildConfiguration;
			buildSettings = {
				ALWAYS_EMBED_SWIFT_STANDARD_LIBRARIES = YES;
				CODE_SIGN_STYLE = Automatic;
				CURRENT_PROJECT_VERSION = 1;
				DEVELOPMENT_TEAM = K6LJCT8RAA;
				GENERATE_INFOPLIST_FILE = YES;
				MARKETING_VERSION = 1.0;
				PRODUCT_BUNDLE_IDENTIFIER = com.template.OnceYourMoodUITests;
				PRODUCT_NAME = "$(TARGET_NAME)";
				SWIFT_EMIT_LOC_STRINGS = NO;
				SWIFT_VERSION = 5.0;
				TARGETED_DEVICE_FAMILY = "1,2";
				TEST_TARGET_NAME = OnceYourMood;
			};
			name = Debug;
		};
		D673900A2C1636B9005C84D8 /* Release */ = {
			isa = XCBuildConfiguration;
			buildSettings = {
				ALWAYS_EMBED_SWIFT_STANDARD_LIBRARIES = YES;
				CODE_SIGN_STYLE = Automatic;
				CURRENT_PROJECT_VERSION = 1;
				DEVELOPMENT_TEAM = K6LJCT8RAA;
				GENERATE_INFOPLIST_FILE = YES;
				MARKETING_VERSION = 1.0;
				PRODUCT_BUNDLE_IDENTIFIER = com.template.OnceYourMoodUITests;
				PRODUCT_NAME = "$(TARGET_NAME)";
				SWIFT_EMIT_LOC_STRINGS = NO;
				SWIFT_VERSION = 5.0;
				TARGETED_DEVICE_FAMILY = "1,2";
				TEST_TARGET_NAME = OnceYourMood;
			};
			name = Release;
		};
/* End XCBuildConfiguration section */

/* Begin XCConfigurationList section */
		D6738FD92C1636B7005C84D8 /* Build configuration list for PBXProject "OnceYourMood" */ = {
			isa = XCConfigurationList;
			buildConfigurations = (
				D67390002C1636B9005C84D8 /* Debug */,
				D67390012C1636B9005C84D8 /* Release */,
			);
			defaultConfigurationIsVisible = 0;
			defaultConfigurationName = Release;
		};
		D67390022C1636B9005C84D8 /* Build configuration list for PBXNativeTarget "OnceYourMood" */ = {
			isa = XCConfigurationList;
			buildConfigurations = (
				D67390032C1636B9005C84D8 /* Debug */,
				D67390042C1636B9005C84D8 /* Release */,
			);
			defaultConfigurationIsVisible = 0;
			defaultConfigurationName = Release;
		};
		D67390052C1636B9005C84D8 /* Build configuration list for PBXNativeTarget "OnceYourMoodTests" */ = {
			isa = XCConfigurationList;
			buildConfigurations = (
				D67390062C1636B9005C84D8 /* Debug */,
				D67390072C1636B9005C84D8 /* Release */,
			);
			defaultConfigurationIsVisible = 0;
			defaultConfigurationName = Release;
		};
		D67390082C1636B9005C84D8 /* Build configuration list for PBXNativeTarget "OnceYourMoodUITests" */ = {
			isa = XCConfigurationList;
			buildConfigurations = (
				D67390092C1636B9005C84D8 /* Debug */,
				D673900A2C1636B9005C84D8 /* Release */,
			);
			defaultConfigurationIsVisible = 0;
			defaultConfigurationName = Release;
		};
/* End XCConfigurationList section */
	};
	rootObject = D6738FD62C1636B7005C84D8 /* Project object */;
}
